
Microsoft Visual Studio Solution File, Format Version 12.00
# Visual Studio Version 17
VisualStudioVersion = 17.6.33723.286
MinimumVisualStudioVersion = 10.0.40219.1
Project("{9A19103F-16F7-4668-BE54-9A1E7A4F7556}") = "CovidAPI", "CovidAPI\CovidAPI.csproj", "{57ABA668-0F9D-43BD-93A1-5786F760B580}"
EndProject
Project("{FAE04EC0-301F-11D3-BF4B-00C04F79EFBC}") = "TestCovidAPI", "TestCovidAPI\TestCovidAPI.csproj", "{2E7254FB-58A5-4B99-88F4-084ECD25C519}"
EndProject
Global
	GlobalSection(SolutionConfigurationPlatforms) = preSolution
		Debug|Any CPU = Debug|Any CPU
		Release|Any CPU = Release|Any CPU
	EndGlobalSection
	GlobalSection(ProjectConfigurationPlatforms) = postSolution
		{57ABA668-0F9D-43BD-93A1-5786F760B580}.Debug|Any CPU.ActiveCfg = Debug|Any CPU
		{57ABA668-0F9D-43BD-93A1-5786F760B580}.Debug|Any CPU.Build.0 = Debug|Any CPU
		{57ABA668-0F9D-43BD-93A1-5786F760B580}.Release|Any CPU.ActiveCfg = Release|Any CPU
		{57ABA668-0F9D-43BD-93A1-5786F760B580}.Release|Any CPU.Build.0 = Release|Any CPU
		{2E7254FB-58A5-4B99-88F4-084ECD25C519}.Debug|Any CPU.ActiveCfg = Debug|Any CPU
		{2E7254FB-58A5-4B99-88F4-084ECD25C519}.Debug|Any CPU.Build.0 = Debug|Any CPU
		{2E7254FB-58A5-4B99-88F4-084ECD25C519}.Release|Any CPU.ActiveCfg = Release|Any CPU
		{2E7254FB-58A5-4B99-88F4-084ECD25C519}.Release|Any CPU.Build.0 = Release|Any CPU
	EndGlobalSection
	GlobalSection(SolutionProperties) = preSolution
		HideSolutionNode = FALSE
	EndGlobalSection
	GlobalSection(ExtensibilityGlobals) = postSolution
		SolutionGuid = {B4CF695A-6744-4FDB-8B37-6A96956AAEEB}
	EndGlobalSection
EndGlobal
